// !$*UTF8*$!
{
	archiveVersion = 1;
	classes = {
	};
	objectVersion = 77;
	objects = {

/* Begin PBXBuildFile section */
		B613C8D12CD5CB1600F74726 /* CheckAuthentication.swift in Sources */ = {isa = PBXBuildFile; fileRef = B613C8D02CD5CACC00F74726 /* CheckAuthentication.swift */; };
		B613C8D32CD5DE2500F74726 /* CoffePointPresenter.swift in Sources */ = {isa = PBXBuildFile; fileRef = B613C8D22CD5DE1E00F74726 /* CoffePointPresenter.swift */; };
		B613C8D52CD5DE2B00F74726 /* CoffePointRouter.swift in Sources */ = {isa = PBXBuildFile; fileRef = B613C8D42CD5DE2700F74726 /* CoffePointRouter.swift */; };
		B613C8D72CD5DE3500F74726 /* CoffePointAssembly.swift in Sources */ = {isa = PBXBuildFile; fileRef = B613C8D62CD5DE2F00F74726 /* CoffePointAssembly.swift */; };
		B613C8DA2CD5E0B600F74726 /* CoffePointCell.swift in Sources */ = {isa = PBXBuildFile; fileRef = B613C8D92CD5E0AE00F74726 /* CoffePointCell.swift */; };
		B613C8DC2CD5FE5300F74726 /* CoffePoint.swift in Sources */ = {isa = PBXBuildFile; fileRef = B613C8DB2CD5FE4D00F74726 /* CoffePoint.swift */; };
		B613C8DF2CD6047100F74726 /* DetailCoffeeViewController.swift in Sources */ = {isa = PBXBuildFile; fileRef = B613C8DE2CD6042E00F74726 /* DetailCoffeeViewController.swift */; };
		B613C8E12CD6051D00F74726 /* MenuCoffee.swift in Sources */ = {isa = PBXBuildFile; fileRef = B613C8E02CD6051A00F74726 /* MenuCoffee.swift */; };
		B613C8E32CD60A0E00F74726 /* DetailCoffeePresenter.swift in Sources */ = {isa = PBXBuildFile; fileRef = B613C8E22CD60A0C00F74726 /* DetailCoffeePresenter.swift */; };
		B613C8E52CD60A2200F74726 /* DetailCoffeeRouter.swift in Sources */ = {isa = PBXBuildFile; fileRef = B613C8E42CD60A1E00F74726 /* DetailCoffeeRouter.swift */; };
		B613C8E72CD60A2B00F74726 /* DetailCoffeeAssembly.swift in Sources */ = {isa = PBXBuildFile; fileRef = B613C8E62CD60A2500F74726 /* DetailCoffeeAssembly.swift */; };
		B613C8E92CD60D6800F74726 /* MenuItemCell.swift in Sources */ = {isa = PBXBuildFile; fileRef = B613C8E82CD60D5C00F74726 /* MenuItemCell.swift */; };
		B613C8EB2CD615FA00F74726 /* UIImageView.swift in Sources */ = {isa = PBXBuildFile; fileRef = B613C8EA2CD615F300F74726 /* UIImageView.swift */; };
		B613C8ED2CD61E4100F74726 /* CustomPriceForm.swift in Sources */ = {isa = PBXBuildFile; fileRef = B613C8EC2CD61E3300F74726 /* CustomPriceForm.swift */; };
		B6C1B57B2CD38E45003C6D5F /* Assets.xcassets in Resources */ = {isa = PBXBuildFile; fileRef = B6C1B5712CD38E45003C6D5F /* Assets.xcassets */; };
		B6C1B57C2CD38E45003C6D5F /* LaunchScreen.storyboard in Resources */ = {isa = PBXBuildFile; fileRef = B6C1B5732CD38E45003C6D5F /* LaunchScreen.storyboard */; };
		B6C1B57D2CD38E45003C6D5F /* Main.storyboard in Resources */ = {isa = PBXBuildFile; fileRef = B6C1B5752CD38E45003C6D5F /* Main.storyboard */; };
		B6C1B57F2CD38E45003C6D5F /* AppDelegate.swift in Sources */ = {isa = PBXBuildFile; fileRef = B6C1B5772CD38E45003C6D5F /* AppDelegate.swift */; };
		B6C1B58D2CD39038003C6D5F /* SnapKit in Frameworks */ = {isa = PBXBuildFile; productRef = B6C1B58C2CD39038003C6D5F /* SnapKit */; };
		B6C1B5932CD3914D003C6D5F /* LoadingAssembly.swift in Sources */ = {isa = PBXBuildFile; fileRef = B6C1B58E2CD3914D003C6D5F /* LoadingAssembly.swift */; };
		B6C1B5942CD3914D003C6D5F /* LoadingPresenter.swift in Sources */ = {isa = PBXBuildFile; fileRef = B6C1B58F2CD3914D003C6D5F /* LoadingPresenter.swift */; };
		B6C1B5952CD3914D003C6D5F /* LoadingRouter.swift in Sources */ = {isa = PBXBuildFile; fileRef = B6C1B5902CD3914D003C6D5F /* LoadingRouter.swift */; };
		B6C1B5962CD3914D003C6D5F /* LoadingViewController.swift in Sources */ = {isa = PBXBuildFile; fileRef = B6C1B5912CD3914D003C6D5F /* LoadingViewController.swift */; };
		B6C1B5992CD3916F003C6D5F /* DesignExtension.swift in Sources */ = {isa = PBXBuildFile; fileRef = B6C1B5982CD39165003C6D5F /* DesignExtension.swift */; };
		B6C1B59C2CD39D3E003C6D5F /* LoginForm.swift in Sources */ = {isa = PBXBuildFile; fileRef = B6C1B59B2CD39D2D003C6D5F /* LoginForm.swift */; };
		B6C1B59F2CD3A4CD003C6D5F /* LoaderType.swift in Sources */ = {isa = PBXBuildFile; fileRef = B6C1B59E2CD3A4C2003C6D5F /* LoaderType.swift */; };
		B6C1B5A32CD3A800003C6D5F /* PreviewAuth.swift in Sources */ = {isa = PBXBuildFile; fileRef = B6C1B5A22CD3A7E4003C6D5F /* PreviewAuth.swift */; };
		B6C1B5A52CD47E0D003C6D5F /* CustomTextFields.swift in Sources */ = {isa = PBXBuildFile; fileRef = B6C1B5A42CD47E02003C6D5F /* CustomTextFields.swift */; };
		B6C1B5A82CD4A8F5003C6D5F /* ApiManager.swift in Sources */ = {isa = PBXBuildFile; fileRef = B6C1B5A72CD4A8EC003C6D5F /* ApiManager.swift */; };
		B6C1B5AD2CD4AF63003C6D5F /* CoffePointViewController.swift in Sources */ = {isa = PBXBuildFile; fileRef = B6C1B5AC2CD4AF5B003C6D5F /* CoffePointViewController.swift */; };
/* End PBXBuildFile section */

/* Begin PBXFileReference section */
		B613C8D02CD5CACC00F74726 /* CheckAuthentication.swift */ = {isa = PBXFileReference; lastKnownFileType = sourcecode.swift; path = CheckAuthentication.swift; sourceTree = "<group>"; };
		B613C8D22CD5DE1E00F74726 /* CoffePointPresenter.swift */ = {isa = PBXFileReference; lastKnownFileType = sourcecode.swift; path = CoffePointPresenter.swift; sourceTree = "<group>"; };
		B613C8D42CD5DE2700F74726 /* CoffePointRouter.swift */ = {isa = PBXFileReference; lastKnownFileType = sourcecode.swift; path = CoffePointRouter.swift; sourceTree = "<group>"; };
		B613C8D62CD5DE2F00F74726 /* CoffePointAssembly.swift */ = {isa = PBXFileReference; lastKnownFileType = sourcecode.swift; path = CoffePointAssembly.swift; sourceTree = "<group>"; };
		B613C8D92CD5E0AE00F74726 /* CoffePointCell.swift */ = {isa = PBXFileReference; lastKnownFileType = sourcecode.swift; path = CoffePointCell.swift; sourceTree = "<group>"; };
		B613C8DB2CD5FE4D00F74726 /* CoffePoint.swift */ = {isa = PBXFileReference; lastKnownFileType = sourcecode.swift; path = CoffePoint.swift; sourceTree = "<group>"; };
		B613C8DE2CD6042E00F74726 /* DetailCoffeeViewController.swift */ = {isa = PBXFileReference; lastKnownFileType = sourcecode.swift; path = DetailCoffeeViewController.swift; sourceTree = "<group>"; };
		B613C8E02CD6051A00F74726 /* MenuCoffee.swift */ = {isa = PBXFileReference; lastKnownFileType = sourcecode.swift; path = MenuCoffee.swift; sourceTree = "<group>"; };
		B613C8E22CD60A0C00F74726 /* DetailCoffeePresenter.swift */ = {isa = PBXFileReference; lastKnownFileType = sourcecode.swift; path = DetailCoffeePresenter.swift; sourceTree = "<group>"; };
		B613C8E42CD60A1E00F74726 /* DetailCoffeeRouter.swift */ = {isa = PBXFileReference; lastKnownFileType = sourcecode.swift; path = DetailCoffeeRouter.swift; sourceTree = "<group>"; };
		B613C8E62CD60A2500F74726 /* DetailCoffeeAssembly.swift */ = {isa = PBXFileReference; lastKnownFileType = sourcecode.swift; path = DetailCoffeeAssembly.swift; sourceTree = "<group>"; };
		B613C8E82CD60D5C00F74726 /* MenuItemCell.swift */ = {isa = PBXFileReference; lastKnownFileType = sourcecode.swift; path = MenuItemCell.swift; sourceTree = "<group>"; };
		B613C8EA2CD615F300F74726 /* UIImageView.swift */ = {isa = PBXFileReference; lastKnownFileType = sourcecode.swift; path = UIImageView.swift; sourceTree = "<group>"; };
		B613C8EC2CD61E3300F74726 /* CustomPriceForm.swift */ = {isa = PBXFileReference; lastKnownFileType = sourcecode.swift; path = CustomPriceForm.swift; sourceTree = "<group>"; };
		B6C1B5582CD38DCB003C6D5F /* CoffeePlaceApp.app */ = {isa = PBXFileReference; explicitFileType = wrapper.application; includeInIndex = 0; path = CoffeePlaceApp.app; sourceTree = BUILT_PRODUCTS_DIR; };
		B6C1B5712CD38E45003C6D5F /* Assets.xcassets */ = {isa = PBXFileReference; lastKnownFileType = folder.assetcatalog; path = Assets.xcassets; sourceTree = "<group>"; };
		B6C1B5722CD38E45003C6D5F /* Base */ = {isa = PBXFileReference; lastKnownFileType = file.storyboard; name = Base; path = Base.lproj/LaunchScreen.storyboard; sourceTree = "<group>"; };
		B6C1B5742CD38E45003C6D5F /* Base */ = {isa = PBXFileReference; lastKnownFileType = file.storyboard; name = Base; path = Base.lproj/Main.storyboard; sourceTree = "<group>"; };
		B6C1B5772CD38E45003C6D5F /* AppDelegate.swift */ = {isa = PBXFileReference; lastKnownFileType = sourcecode.swift; path = AppDelegate.swift; sourceTree = "<group>"; };
		B6C1B5782CD38E45003C6D5F /* Info.plist */ = {isa = PBXFileReference; lastKnownFileType = text.plist.xml; path = Info.plist; sourceTree = "<group>"; };
		B6C1B58E2CD3914D003C6D5F /* LoadingAssembly.swift */ = {isa = PBXFileReference; lastKnownFileType = sourcecode.swift; path = LoadingAssembly.swift; sourceTree = "<group>"; };
		B6C1B58F2CD3914D003C6D5F /* LoadingPresenter.swift */ = {isa = PBXFileReference; lastKnownFileType = sourcecode.swift; path = LoadingPresenter.swift; sourceTree = "<group>"; };
		B6C1B5902CD3914D003C6D5F /* LoadingRouter.swift */ = {isa = PBXFileReference; lastKnownFileType = sourcecode.swift; path = LoadingRouter.swift; sourceTree = "<group>"; };
		B6C1B5912CD3914D003C6D5F /* LoadingViewController.swift */ = {isa = PBXFileReference; lastKnownFileType = sourcecode.swift; path = LoadingViewController.swift; sourceTree = "<group>"; };
		B6C1B5982CD39165003C6D5F /* DesignExtension.swift */ = {isa = PBXFileReference; lastKnownFileType = sourcecode.swift; path = DesignExtension.swift; sourceTree = "<group>"; };
		B6C1B59B2CD39D2D003C6D5F /* LoginForm.swift */ = {isa = PBXFileReference; lastKnownFileType = sourcecode.swift; path = LoginForm.swift; sourceTree = "<group>"; };
		B6C1B59E2CD3A4C2003C6D5F /* LoaderType.swift */ = {isa = PBXFileReference; lastKnownFileType = sourcecode.swift; path = LoaderType.swift; sourceTree = "<group>"; };
		B6C1B5A22CD3A7E4003C6D5F /* PreviewAuth.swift */ = {isa = PBXFileReference; lastKnownFileType = sourcecode.swift; path = PreviewAuth.swift; sourceTree = "<group>"; };
		B6C1B5A42CD47E02003C6D5F /* CustomTextFields.swift */ = {isa = PBXFileReference; lastKnownFileType = sourcecode.swift; path = CustomTextFields.swift; sourceTree = "<group>"; };
		B6C1B5A72CD4A8EC003C6D5F /* ApiManager.swift */ = {isa = PBXFileReference; lastKnownFileType = sourcecode.swift; path = ApiManager.swift; sourceTree = "<group>"; };
		B6C1B5AC2CD4AF5B003C6D5F /* CoffePointViewController.swift */ = {isa = PBXFileReference; lastKnownFileType = sourcecode.swift; path = CoffePointViewController.swift; sourceTree = "<group>"; };
/* End PBXFileReference section */

/* Begin PBXFrameworksBuildPhase section */
		B6C1B5552CD38DCB003C6D5F /* Frameworks */ = {
			isa = PBXFrameworksBuildPhase;
			buildActionMask = 2147483647;
			files = (
				B6C1B58D2CD39038003C6D5F /* SnapKit in Frameworks */,
			);
			runOnlyForDeploymentPostprocessing = 0;
		};
/* End PBXFrameworksBuildPhase section */

/* Begin PBXGroup section */
		B613C8D82CD5E0A500F74726 /* Cells */ = {
			isa = PBXGroup;
			children = (
				B613C8E82CD60D5C00F74726 /* MenuItemCell.swift */,
				B613C8D92CD5E0AE00F74726 /* CoffePointCell.swift */,
			);
			path = Cells;
			sourceTree = "<group>";
		};
		B613C8DD2CD6040500F74726 /* DetailCoffeePoint */ = {
			isa = PBXGroup;
			children = (
				B613C8E62CD60A2500F74726 /* DetailCoffeeAssembly.swift */,
				B613C8E42CD60A1E00F74726 /* DetailCoffeeRouter.swift */,
				B613C8E22CD60A0C00F74726 /* DetailCoffeePresenter.swift */,
				B613C8DE2CD6042E00F74726 /* DetailCoffeeViewController.swift */,
			);
			path = DetailCoffeePoint;
			sourceTree = "<group>";
		};
		B6C1B54F2CD38DCB003C6D5F = {
			isa = PBXGroup;
			children = (
				B6C1B57A2CD38E45003C6D5F /* CoffeePlaceApp */,
				B6C1B5592CD38DCB003C6D5F /* Products */,
			);
			sourceTree = "<group>";
		};
		B6C1B5592CD38DCB003C6D5F /* Products */ = {
			isa = PBXGroup;
			children = (
				B6C1B5582CD38DCB003C6D5F /* CoffeePlaceApp.app */,
			);
			name = Products;
			sourceTree = "<group>";
		};
		B6C1B5762CD38E45003C6D5F /* Resourses */ = {
			isa = PBXGroup;
			children = (
				B6C1B5712CD38E45003C6D5F /* Assets.xcassets */,
				B6C1B5732CD38E45003C6D5F /* LaunchScreen.storyboard */,
				B6C1B5752CD38E45003C6D5F /* Main.storyboard */,
			);
			path = Resourses;
			sourceTree = "<group>";
		};
		B6C1B57A2CD38E45003C6D5F /* CoffeePlaceApp */ = {
			isa = PBXGroup;
			children = (
				B6C1B5972CD39151003C6D5F /* ExtensionsProtocols */,
				B613C8D82CD5E0A500F74726 /* Cells */,
				B6C1B59D2CD3A4B8003C6D5F /* Models */,
				B6C1B59A2CD39D1E003C6D5F /* CustomViews */,
				B6C1B5922CD3914D003C6D5F /* LoadingFlow */,
				B6C1B5AB2CD4AF4C003C6D5F /* CoffeePoinFlow */,
				B613C8DD2CD6040500F74726 /* DetailCoffeePoint */,
				B6C1B5A62CD4A8E1003C6D5F /* Helper */,
				B6C1B5762CD38E45003C6D5F /* Resourses */,
				B6C1B5772CD38E45003C6D5F /* AppDelegate.swift */,
				B6C1B5782CD38E45003C6D5F /* Info.plist */,
			);
			path = CoffeePlaceApp;
			sourceTree = "<group>";
		};
		B6C1B5922CD3914D003C6D5F /* LoadingFlow */ = {
			isa = PBXGroup;
			children = (
				B6C1B58E2CD3914D003C6D5F /* LoadingAssembly.swift */,
				B6C1B5902CD3914D003C6D5F /* LoadingRouter.swift */,
				B6C1B58F2CD3914D003C6D5F /* LoadingPresenter.swift */,
				B6C1B5912CD3914D003C6D5F /* LoadingViewController.swift */,
			);
			path = LoadingFlow;
			sourceTree = "<group>";
		};
		B6C1B5972CD39151003C6D5F /* ExtensionsProtocols */ = {
			isa = PBXGroup;
			children = (
				B613C8EA2CD615F300F74726 /* UIImageView.swift */,
				B6C1B5982CD39165003C6D5F /* DesignExtension.swift */,
			);
			path = ExtensionsProtocols;
			sourceTree = "<group>";
		};
		B6C1B59A2CD39D1E003C6D5F /* CustomViews */ = {
			isa = PBXGroup;
			children = (
				B613C8EC2CD61E3300F74726 /* CustomPriceForm.swift */,
				B6C1B5A42CD47E02003C6D5F /* CustomTextFields.swift */,
				B6C1B5A22CD3A7E4003C6D5F /* PreviewAuth.swift */,
				B6C1B59B2CD39D2D003C6D5F /* LoginForm.swift */,
			);
			path = CustomViews;
			sourceTree = "<group>";
		};
		B6C1B59D2CD3A4B8003C6D5F /* Models */ = {
			isa = PBXGroup;
			children = (
				B613C8E02CD6051A00F74726 /* MenuCoffee.swift */,
				B613C8DB2CD5FE4D00F74726 /* CoffePoint.swift */,
				B6C1B59E2CD3A4C2003C6D5F /* LoaderType.swift */,
			);
			path = Models;
			sourceTree = "<group>";
		};
		B6C1B5A62CD4A8E1003C6D5F /* Helper */ = {
			isa = PBXGroup;
			children = (
				B613C8D02CD5CACC00F74726 /* CheckAuthentication.swift */,
				B6C1B5A72CD4A8EC003C6D5F /* ApiManager.swift */,
			);
			path = Helper;
			sourceTree = "<group>";
		};
		B6C1B5AB2CD4AF4C003C6D5F /* CoffeePoinFlow */ = {
			isa = PBXGroup;
			children = (
				B613C8D62CD5DE2F00F74726 /* CoffePointAssembly.swift */,
				B613C8D42CD5DE2700F74726 /* CoffePointRouter.swift */,
				B613C8D22CD5DE1E00F74726 /* CoffePointPresenter.swift */,
				B6C1B5AC2CD4AF5B003C6D5F /* CoffePointViewController.swift */,
			);
			path = CoffeePoinFlow;
			sourceTree = "<group>";
		};
/* End PBXGroup section */

/* Begin PBXNativeTarget section */
		B6C1B5572CD38DCB003C6D5F /* CoffeePlaceApp */ = {
			isa = PBXNativeTarget;
			buildConfigurationList = B6C1B56B2CD38DCC003C6D5F /* Build configuration list for PBXNativeTarget "CoffeePlaceApp" */;
			buildPhases = (
				B6C1B5542CD38DCB003C6D5F /* Sources */,
				B6C1B5552CD38DCB003C6D5F /* Frameworks */,
				B6C1B5562CD38DCB003C6D5F /* Resources */,
			);
			buildRules = (
			);
			dependencies = (
			);
			name = CoffeePlaceApp;
			packageProductDependencies = (
				B6C1B58C2CD39038003C6D5F /* SnapKit */,
			);
			productName = CoffeePlaceApp;
			productReference = B6C1B5582CD38DCB003C6D5F /* CoffeePlaceApp.app */;
			productType = "com.apple.product-type.application";
		};
/* End PBXNativeTarget section */

/* Begin PBXProject section */
		B6C1B5502CD38DCB003C6D5F /* Project object */ = {
			isa = PBXProject;
			attributes = {
				BuildIndependentTargetsInParallel = 1;
				LastSwiftUpdateCheck = 1600;
				LastUpgradeCheck = 1600;
				TargetAttributes = {
					B6C1B5572CD38DCB003C6D5F = {
						CreatedOnToolsVersion = 16.0;
					};
				};
			};
			buildConfigurationList = B6C1B5532CD38DCB003C6D5F /* Build configuration list for PBXProject "CoffeePlaceApp" */;
			developmentRegion = en;
			hasScannedForEncodings = 0;
			knownRegions = (
				en,
				Base,
			);
			mainGroup = B6C1B54F2CD38DCB003C6D5F;
			minimizedProjectReferenceProxies = 1;
			packageReferences = (
				B6C1B58B2CD39038003C6D5F /* XCRemoteSwiftPackageReference "SnapKit" */,
			);
			preferredProjectObjectVersion = 77;
			productRefGroup = B6C1B5592CD38DCB003C6D5F /* Products */;
			projectDirPath = "";
			projectRoot = "";
			targets = (
				B6C1B5572CD38DCB003C6D5F /* CoffeePlaceApp */,
			);
		};
/* End PBXProject section */

/* Begin PBXResourcesBuildPhase section */
		B6C1B5562CD38DCB003C6D5F /* Resources */ = {
			isa = PBXResourcesBuildPhase;
			buildActionMask = 2147483647;
			files = (
				B6C1B57B2CD38E45003C6D5F /* Assets.xcassets in Resources */,
				B6C1B57C2CD38E45003C6D5F /* LaunchScreen.storyboard in Resources */,
				B6C1B57D2CD38E45003C6D5F /* Main.storyboard in Resources */,
			);
			runOnlyForDeploymentPostprocessing = 0;
		};
/* End PBXResourcesBuildPhase section */

/* Begin PBXSourcesBuildPhase section */
		B6C1B5542CD38DCB003C6D5F /* Sources */ = {
			isa = PBXSourcesBuildPhase;
			buildActionMask = 2147483647;
			files = (
				B613C8ED2CD61E4100F74726 /* CustomPriceForm.swift in Sources */,
				B613C8DF2CD6047100F74726 /* DetailCoffeeViewController.swift in Sources */,
				B613C8D72CD5DE3500F74726 /* CoffePointAssembly.swift in Sources */,
				B613C8D52CD5DE2B00F74726 /* CoffePointRouter.swift in Sources */,
				B613C8E72CD60A2B00F74726 /* DetailCoffeeAssembly.swift in Sources */,
				B6C1B57F2CD38E45003C6D5F /* AppDelegate.swift in Sources */,
				B6C1B5AD2CD4AF63003C6D5F /* CoffePointViewController.swift in Sources */,
				B613C8EB2CD615FA00F74726 /* UIImageView.swift in Sources */,
				B613C8E52CD60A2200F74726 /* DetailCoffeeRouter.swift in Sources */,
				B6C1B5932CD3914D003C6D5F /* LoadingAssembly.swift in Sources */,
				B613C8DA2CD5E0B600F74726 /* CoffePointCell.swift in Sources */,
				B613C8E92CD60D6800F74726 /* MenuItemCell.swift in Sources */,
				B6C1B5942CD3914D003C6D5F /* LoadingPresenter.swift in Sources */,
				B6C1B5992CD3916F003C6D5F /* DesignExtension.swift in Sources */,
				B613C8E32CD60A0E00F74726 /* DetailCoffeePresenter.swift in Sources */,
				B613C8D12CD5CB1600F74726 /* CheckAuthentication.swift in Sources */,
				B6C1B5A32CD3A800003C6D5F /* PreviewAuth.swift in Sources */,
				B6C1B59F2CD3A4CD003C6D5F /* LoaderType.swift in Sources */,
				B6C1B5A82CD4A8F5003C6D5F /* ApiManager.swift in Sources */,
				B6C1B5A52CD47E0D003C6D5F /* CustomTextFields.swift in Sources */,
				B613C8E12CD6051D00F74726 /* MenuCoffee.swift in Sources */,
				B6C1B59C2CD39D3E003C6D5F /* LoginForm.swift in Sources */,
				B613C8D32CD5DE2500F74726 /* CoffePointPresenter.swift in Sources */,
				B6C1B5952CD3914D003C6D5F /* LoadingRouter.swift in Sources */,
				B613C8DC2CD5FE5300F74726 /* CoffePoint.swift in Sources */,
				B6C1B5962CD3914D003C6D5F /* LoadingViewController.swift in Sources */,
			);
			runOnlyForDeploymentPostprocessing = 0;
		};
/* End PBXSourcesBuildPhase section */

/* Begin PBXVariantGroup section */
		B6C1B5732CD38E45003C6D5F /* LaunchScreen.storyboard */ = {
			isa = PBXVariantGroup;
			children = (
				B6C1B5722CD38E45003C6D5F /* Base */,
			);
			name = LaunchScreen.storyboard;
			sourceTree = "<group>";
		};
		B6C1B5752CD38E45003C6D5F /* Main.storyboard */ = {
			isa = PBXVariantGroup;
			children = (
				B6C1B5742CD38E45003C6D5F /* Base */,
			);
			name = Main.storyboard;
			sourceTree = "<group>";
		};
/* End PBXVariantGroup section */

/* Begin XCBuildConfiguration section */
		B6C1B56C2CD38DCC003C6D5F /* Debug */ = {
			isa = XCBuildConfiguration;
			buildSettings = {
				ASSETCATALOG_COMPILER_APPICON_NAME = AppIcon;
				ASSETCATALOG_COMPILER_GLOBAL_ACCENT_COLOR_NAME = AccentColor;
				CODE_SIGN_STYLE = Automatic;
				CURRENT_PROJECT_VERSION = 1;
				DEVELOPMENT_TEAM = JC7MTK2ADS;
				GENERATE_INFOPLIST_FILE = YES;
				INFOPLIST_FILE = CoffeePlaceApp/Info.plist;
				INFOPLIST_KEY_UIApplicationSupportsIndirectInputEvents = YES;
				INFOPLIST_KEY_UILaunchStoryboardName = LaunchScreen;
				INFOPLIST_KEY_UIMainStoryboardFile = Main;
				INFOPLIST_KEY_UISupportedInterfaceOrientations_iPad = "UIInterfaceOrientationPortrait UIInterfaceOrientationPortraitUpsideDown UIInterfaceOrientationLandscapeLeft UIInterfaceOrientationLandscapeRight";
				INFOPLIST_KEY_UISupportedInterfaceOrientations_iPhone = "UIInterfaceOrientationPortrait UIInterfaceOrientationLandscapeLeft UIInterfaceOrientationLandscapeRight";
				LD_RUNPATH_SEARCH_PATHS = (
					"$(inherited)",
					"@executable_path/Frameworks",
				);
				MARKETING_VERSION = 1.0;
				PRODUCT_BUNDLE_IDENTIFIER = nikitaZiganshin.CoffeePlaceApp;
				PRODUCT_NAME = "$(TARGET_NAME)";
				SWIFT_EMIT_LOC_STRINGS = YES;
				SWIFT_VERSION = 5.0;
				TARGETED_DEVICE_FAMILY = "1,2";
			};
			name = Debug;
		};
		B6C1B56D2CD38DCC003C6D5F /* Release */ = {
			isa = XCBuildConfiguration;
			buildSettings = {
				ASSETCATALOG_COMPILER_APPICON_NAME = AppIcon;
				ASSETCATALOG_COMPILER_GLOBAL_ACCENT_COLOR_NAME = AccentColor;
				CODE_SIGN_STYLE = Automatic;
				CURRENT_PROJECT_VERSION = 1;
				DEVELOPMENT_TEAM = JC7MTK2ADS;
				GENERATE_INFOPLIST_FILE = YES;
				INFOPLIST_FILE = CoffeePlaceApp/Info.plist;
				INFOPLIST_KEY_UIApplicationSupportsIndirectInputEvents = YES;
				INFOPLIST_KEY_UILaunchStoryboardName = LaunchScreen;
				INFOPLIST_KEY_UIMainStoryboardFile = Main;
				INFOPLIST_KEY_UISupportedInterfaceOrientations_iPad = "UIInterfaceOrientationPortrait UIInterfaceOrientationPortraitUpsideDown UIInterfaceOrientationLandscapeLeft UIInterfaceOrientationLandscapeRight";
				INFOPLIST_KEY_UISupportedInterfaceOrientations_iPhone = "UIInterfaceOrientationPortrait UIInterfaceOrientationLandscapeLeft UIInterfaceOrientationLandscapeRight";
				LD_RUNPATH_SEARCH_PATHS = (
					"$(inherited)",
					"@executable_path/Frameworks",
				);
				MARKETING_VERSION = 1.0;
				PRODUCT_BUNDLE_IDENTIFIER = nikitaZiganshin.CoffeePlaceApp;
				PRODUCT_NAME = "$(TARGET_NAME)";
				SWIFT_EMIT_LOC_STRINGS = YES;
				SWIFT_VERSION = 5.0;
				TARGETED_DEVICE_FAMILY = "1,2";
			};
			name = Release;
		};
		B6C1B56E2CD38DCC003C6D5F /* Debug */ = {
			isa = XCBuildConfiguration;
			buildSettings = {
				ALWAYS_SEARCH_USER_PATHS = NO;
				ASSETCATALOG_COMPILER_GENERATE_SWIFT_ASSET_SYMBOL_EXTENSIONS = YES;
				CLANG_ANALYZER_NONNULL = YES;
				CLANG_ANALYZER_NUMBER_OBJECT_CONVERSION = YES_AGGRESSIVE;
				CLANG_CXX_LANGUAGE_STANDARD = "gnu++20";
				CLANG_ENABLE_MODULES = YES;
				CLANG_ENABLE_OBJC_ARC = YES;
				CLANG_ENABLE_OBJC_WEAK = YES;
				CLANG_WARN_BLOCK_CAPTURE_AUTORELEASING = YES;
				CLANG_WARN_BOOL_CONVERSION = YES;
				CLANG_WARN_COMMA = YES;
				CLANG_WARN_CONSTANT_CONVERSION = YES;
				CLANG_WARN_DEPRECATED_OBJC_IMPLEMENTATIONS = YES;
				CLANG_WARN_DIRECT_OBJC_ISA_USAGE = YES_ERROR;
				CLANG_WARN_DOCUMENTATION_COMMENTS = YES;
				CLANG_WARN_EMPTY_BODY = YES;
				CLANG_WARN_ENUM_CONVERSION = YES;
				CLANG_WARN_INFINITE_RECURSION = YES;
				CLANG_WARN_INT_CONVERSION = YES;
				CLANG_WARN_NON_LITERAL_NULL_CONVERSION = YES;
				CLANG_WARN_OBJC_IMPLICIT_RETAIN_SELF = YES;
				CLANG_WARN_OBJC_LITERAL_CONVERSION = YES;
				CLANG_WARN_OBJC_ROOT_CLASS = YES_ERROR;
				CLANG_WARN_QUOTED_INCLUDE_IN_FRAMEWORK_HEADER = YES;
				CLANG_WARN_RANGE_LOOP_ANALYSIS = YES;
				CLANG_WARN_STRICT_PROTOTYPES = YES;
				CLANG_WARN_SUSPICIOUS_MOVE = YES;
				CLANG_WARN_UNGUARDED_AVAILABILITY = YES_AGGRESSIVE;
				CLANG_WARN_UNREACHABLE_CODE = YES;
				CLANG_WARN__DUPLICATE_METHOD_MATCH = YES;
				COPY_PHASE_STRIP = NO;
				DEBUG_INFORMATION_FORMAT = dwarf;
				ENABLE_STRICT_OBJC_MSGSEND = YES;
				ENABLE_TESTABILITY = YES;
				ENABLE_USER_SCRIPT_SANDBOXING = YES;
				GCC_C_LANGUAGE_STANDARD = gnu17;
				GCC_DYNAMIC_NO_PIC = NO;
				GCC_NO_COMMON_BLOCKS = YES;
				GCC_OPTIMIZATION_LEVEL = 0;
				GCC_PREPROCESSOR_DEFINITIONS = (
					"DEBUG=1",
					"$(inherited)",
				);
				GCC_WARN_64_TO_32_BIT_CONVERSION = YES;
				GCC_WARN_ABOUT_RETURN_TYPE = YES_ERROR;
				GCC_WARN_UNDECLARED_SELECTOR = YES;
				GCC_WARN_UNINITIALIZED_AUTOS = YES_AGGRESSIVE;
				GCC_WARN_UNUSED_FUNCTION = YES;
				GCC_WARN_UNUSED_VARIABLE = YES;
				IPHONEOS_DEPLOYMENT_TARGET = 18.0;
				LOCALIZATION_PREFERS_STRING_CATALOGS = YES;
				MTL_ENABLE_DEBUG_INFO = INCLUDE_SOURCE;
				MTL_FAST_MATH = YES;
				ONLY_ACTIVE_ARCH = YES;
				SDKROOT = iphoneos;
				SWIFT_ACTIVE_COMPILATION_CONDITIONS = "DEBUG $(inherited)";
				SWIFT_OPTIMIZATION_LEVEL = "-Onone";
			};
			name = Debug;
		};
		B6C1B56F2CD38DCC003C6D5F /* Release */ = {
			isa = XCBuildConfiguration;
			buildSettings = {
				ALWAYS_SEARCH_USER_PATHS = NO;
				ASSETCATALOG_COMPILER_GENERATE_SWIFT_ASSET_SYMBOL_EXTENSIONS = YES;
				CLANG_ANALYZER_NONNULL = YES;
				CLANG_ANALYZER_NUMBER_OBJECT_CONVERSION = YES_AGGRESSIVE;
				CLANG_CXX_LANGUAGE_STANDARD = "gnu++20";
				CLANG_ENABLE_MODULES = YES;
				CLANG_ENABLE_OBJC_ARC = YES;
				CLANG_ENABLE_OBJC_WEAK = YES;
				CLANG_WARN_BLOCK_CAPTURE_AUTORELEASING = YES;
				CLANG_WARN_BOOL_CONVERSION = YES;
				CLANG_WARN_COMMA = YES;
				CLANG_WARN_CONSTANT_CONVERSION = YES;
				CLANG_WARN_DEPRECATED_OBJC_IMPLEMENTATIONS = YES;
				CLANG_WARN_DIRECT_OBJC_ISA_USAGE = YES_ERROR;
				CLANG_WARN_DOCUMENTATION_COMMENTS = YES;
				CLANG_WARN_EMPTY_BODY = YES;
				CLANG_WARN_ENUM_CONVERSION = YES;
				CLANG_WARN_INFINITE_RECURSION = YES;
				CLANG_WARN_INT_CONVERSION = YES;
				CLANG_WARN_NON_LITERAL_NULL_CONVERSION = YES;
				CLANG_WARN_OBJC_IMPLICIT_RETAIN_SELF = YES;
				CLANG_WARN_OBJC_LITERAL_CONVERSION = YES;
				CLANG_WARN_OBJC_ROOT_CLASS = YES_ERROR;
				CLANG_WARN_QUOTED_INCLUDE_IN_FRAMEWORK_HEADER = YES;
				CLANG_WARN_RANGE_LOOP_ANALYSIS = YES;
				CLANG_WARN_STRICT_PROTOTYPES = YES;
				CLANG_WARN_SUSPICIOUS_MOVE = YES;
				CLANG_WARN_UNGUARDED_AVAILABILITY = YES_AGGRESSIVE;
				CLANG_WARN_UNREACHABLE_CODE = YES;
				CLANG_WARN__DUPLICATE_METHOD_MATCH = YES;
				COPY_PHASE_STRIP = NO;
				DEBUG_INFORMATION_FORMAT = "dwarf-with-dsym";
				ENABLE_NS_ASSERTIONS = NO;
				ENABLE_STRICT_OBJC_MSGSEND = YES;
				ENABLE_USER_SCRIPT_SANDBOXING = YES;
				GCC_C_LANGUAGE_STANDARD = gnu17;
				GCC_NO_COMMON_BLOCKS = YES;
				GCC_WARN_64_TO_32_BIT_CONVERSION = YES;
				GCC_WARN_ABOUT_RETURN_TYPE = YES_ERROR;
				GCC_WARN_UNDECLARED_SELECTOR = YES;
				GCC_WARN_UNINITIALIZED_AUTOS = YES_AGGRESSIVE;
				GCC_WARN_UNUSED_FUNCTION = YES;
				GCC_WARN_UNUSED_VARIABLE = YES;
				IPHONEOS_DEPLOYMENT_TARGET = 18.0;
				LOCALIZATION_PREFERS_STRING_CATALOGS = YES;
				MTL_ENABLE_DEBUG_INFO = NO;
				MTL_FAST_MATH = YES;
				SDKROOT = iphoneos;
				SWIFT_COMPILATION_MODE = wholemodule;
				VALIDATE_PRODUCT = YES;
			};
			name = Release;
		};
/* End XCBuildConfiguration section */

/* Begin XCConfigurationList section */
		B6C1B5532CD38DCB003C6D5F /* Build configuration list for PBXProject "CoffeePlaceApp" */ = {
			isa = XCConfigurationList;
			buildConfigurations = (
				B6C1B56E2CD38DCC003C6D5F /* Debug */,
				B6C1B56F2CD38DCC003C6D5F /* Release */,
			);
			defaultConfigurationIsVisible = 0;
			defaultConfigurationName = Release;
		};
		B6C1B56B2CD38DCC003C6D5F /* Build configuration list for PBXNativeTarget "CoffeePlaceApp" */ = {
			isa = XCConfigurationList;
			buildConfigurations = (
				B6C1B56C2CD38DCC003C6D5F /* Debug */,
				B6C1B56D2CD38DCC003C6D5F /* Release */,
			);
			defaultConfigurationIsVisible = 0;
			defaultConfigurationName = Release;
		};
/* End XCConfigurationList section */

/* Begin XCRemoteSwiftPackageReference section */
		B6C1B58B2CD39038003C6D5F /* XCRemoteSwiftPackageReference "SnapKit" */ = {
			isa = XCRemoteSwiftPackageReference;
			repositoryURL = "https://github.com/SnapKit/SnapKit.git";
			requirement = {
				kind = upToNextMajorVersion;
				minimumVersion = 5.7.1;
			};
		};
/* End XCRemoteSwiftPackageReference section */

/* Begin XCSwiftPackageProductDependency section */
		B6C1B58C2CD39038003C6D5F /* SnapKit */ = {
			isa = XCSwiftPackageProductDependency;
			package = B6C1B58B2CD39038003C6D5F /* XCRemoteSwiftPackageReference "SnapKit" */;
			productName = SnapKit;
		};
/* End XCSwiftPackageProductDependency section */
	};
	rootObject = B6C1B5502CD38DCB003C6D5F /* Project object */;
}
